{
  "name": "sidecar",
  "version": "1.0.0",
  "lockfileVersion": 3,
  "requires": true,
  "packages": {
    "": {
      "name": "sidecar",
      "version": "1.0.0",
      "license": "ISC",
      "dependencies": {
        "gost89": "^0.1.11",
        "jksreader": "^1.0.0",
        "jkurwa": "^1.21.2"
      }
    },
    "node_modules/asn1.js": {
      "version": "5.4.1",
      "resolved": "git+ssh://git@github.com/muromec/asn1.js.git#7ca2c330ec52fbb5676dd4d54f55fb95b778ba91",
      "license": "MIT",
      "dependencies": {
        "bn.js": "^4.0.0",
        "inherits": "^2.0.1",
        "minimalistic-assert": "^1.0.0",
        "safer-buffer": "^2.1.0"
      }
    },
    "node_modules/asn1.js/node_modules/bn.js": {
      "version": "4.12.3",
      "resolved": "https://registry.npmjs.org/bn.js/-/bn.js-4.12.3.tgz",
      "integrity": "sha512-fGTi3gxV/23FTYdAoUtLYp6qySe2KE3teyZitipKNRuVYcBkoP/bB3guXN/XVKUe9mxCHXnc9C4ocyz8OmgN0g=="
    },
    "node_modules/base64-js": {
      "version": "1.5.1",
      "resolved": "https://registry.npmjs.org/base64-js/-/base64-js-1.5.1.tgz",
      "integrity": "sha512-AKpaYlHn8t4SVbOHCy+b5+KKgvR4vrsD8vbvrbiQJps7fKDTkjkDry6ji0rUJjC0kzbNePLwzxq8iypo41qeWA==",
      "funding": [
        {
          "type": "github",
          "url": "https://github.com/sponsors/feross"
        },
        {
          "type": "patreon",
          "url": "https://www.patreon.com/feross"
        },
        {
          "type": "consulting",
          "url": "https://feross.org/support"
        }
      ]
    },
    "node_modules/bn.js": {
      "version": "5.2.3",
      "resolved": "https://registry.npmjs.org/bn.js/-/bn.js-5.2.3.tgz",
      "integrity": "sha512-EAcmnPkxpntVL+DS7bO1zhcZNvCkxqtkd0ZY53h06GNQ3DEkkGZ/gKgmDv6DdZQGj9BgfSPKtJJ7Dp1GPP8f7w=="
    },
    "node_modules/buffer": {
      "version": "6.0.3",
      "resolved": "https://registry.npmjs.org/buffer/-/buffer-6.0.3.tgz",
      "integrity": "sha512-FTiCpNxtwiZZHEZbcbTIcZjERVICn9yq/pDFkTl95/AxzD1naBctN7YO68riM/gLSDY7sdrMby8hofADYuuqOA==",
      "funding": [
        {
          "type": "github",
          "url": "https://github.com/sponsors/feross"
        },
        {
          "type": "patreon",
          "url": "https://www.patreon.com/feross"
        },
        {
          "type": "consulting",
          "url": "https://feross.org/support"
        }
      ],
      "dependencies": {
        "base64-js": "^1.3.1",
        "ieee754": "^1.2.1"
      }
    },
    "node_modules/gost89": {
      "version": "0.1.11",
      "resolved": "https://registry.npmjs.org/gost89/-/gost89-0.1.11.tgz",
      "integrity": "sha512-To2TU4EouRMYz8aw/hNJnbAZUbuxyX3d0UsQAsfh3PbrrmVu4uR68ulabmP6O44i+6X9kVBe/TxXfH+OLGgqzg==",
      "dependencies": {
        "buffer": ">= 3.0"
      }
    },
    "node_modules/ieee754": {
      "version": "1.2.1",
      "resolved": "https://registry.npmjs.org/ieee754/-/ieee754-1.2.1.tgz",
      "integrity": "sha512-dcyqhDvX1C46lXZcVqCpK+FtMRQVdIMN6/Df5js2zouUsqG7I6sFxitIC+7KYK29KdXOLHdu9zL4sFnoVQnqaA==",
      "funding": [
        {
          "type": "github",
          "url": "https://github.com/sponsors/feross"
        },
        {
          "type": "patreon",
          "url": "https://www.patreon.com/feross"
        },
        {
          "type": "consulting",
          "url": "https://feross.org/support"
        }
      ]
    },
    "node_modules/inherits": {
      "version": "2.0.4",
      "resolved": "https://registry.npmjs.org/inherits/-/inherits-2.0.4.tgz",
      "integrity": "sha512-k/vGaX4/Yla3WzyMCvTQOXYeIHvqOKtnqBduzTHpzpQZzAskKMhZ2K+EnBiSM9zGSoIFeMpXKxa4dYeZIQqewQ=="
    },
    "node_modules/jksreader": {
      "version": "1.0.0",
      "resolved": "https://registry.npmjs.org/jksreader/-/jksreader-1.0.0.tgz",
      "integrity": "sha512-fSZ64WyfAXHoaE3J5opHh7DSCL3Kfy3CzRkLX2Kz9kmHUa8DrnrQKPhBgi2mapGu7SUwuzgCw/xPtGzZj4pWgQ==",
      "dependencies": {
        "js-sha1": "^0.6.0"
      }
    },
    "node_modules/jkurwa": {
      "version": "1.21.2",
      "resolved": "https://registry.npmjs.org/jkurwa/-/jkurwa-1.21.2.tgz",
      "integrity": "sha512-ABHtx/xx2I937pxkHelyU+XS7seDLJ/5I3Ipe888z8Ul4IZmAhAw1kGQJ7D1+4+gL2FJN+Mmjk+WMLhDGFtMOw==",
      "dependencies": {
        "asn1.js": "github:muromec/asn1.js",
        "bn.js": ">= 0.14",
        "buffer": ">= 3.0",
        "jksreader": "^1.0.0",
        "js-lzma": "0.x"
      }
    },
    "node_modules/js-lzma": {
      "version": "0.1.0",
      "resolved": "https://registry.npmjs.org/js-lzma/-/js-lzma-0.1.0.tgz",
      "integrity": "sha512-haRneXeWG1dWHEotKoAPNRhYrglqdLtdfZ2TSpVO9AfHdsszdHkW6Okb/5zG+1RlZe9gJOtb6yKY/FakHG5tOw=="
    },
    "node_modules/js-sha1": {
      "version": "0.6.0",
      "resolved": "https://registry.npmjs.org/js-sha1/-/js-sha1-0.6.0.tgz",
      "integrity": "sha512-01gwBFreYydzmU9BmZxpVk6svJJHrVxEN3IOiGl6VO93bVKYETJ0sIth6DASI6mIFdt7NmfX9UiByRzsYHGU9w=="
    },
    "node_modules/minimalistic-assert": {
      "version": "1.0.1",
      "resolved": "https://registry.npmjs.org/minimalistic-assert/-/minimalistic-assert-1.0.1.tgz",
      "integrity": "sha512-UtJcAD4yEaGtjPezWuO9wC4nwUnVH/8/Im3yEHQP4b67cXlD/Qr9hdITCU1xDbSEXg2XKNaP8jsReV7vQd00/A=="
    },
    "node_modules/safer-buffer": {
      "version": "2.1.2",
      "resolved": "https://registry.npmjs.org/safer-buffer/-/safer-buffer-2.1.2.tgz",
      "integrity": "sha512-YZo3K82SD7Riyi0E1EQPojLz7kpepnSQI9IyPbHHg1XXXevb5dJI7tpyN2ADxGcQbHG7vcyRHk0cbwqcQriUtg=="
    }
  }
}
